# THIS IS AN AUTOGENERATED FILE. DO NOT EDIT THIS FILE DIRECTLY.
# yarn lockfile v1


latex.css@^1.11.0:
  version "1.11.0"
  resolved "https://registry.yarnpkg.com/latex.css/-/latex.css-1.11.0.tgz#0887edc2274b3d7121be500e6045843f43788778"
  integrity sha512-94bTsUV8Bf2p3lvnXxAl4NFnvhcAs1uAK01NxnosTuQ50mcVJFXpbS7SbpBuBuM69J/jBB00fzTCkcfh8DjWRQ==
